
Microsoft Visual Studio Solution File, Format Version 12.00
# Visual Studio Version 16
VisualStudioVersion = 16.0.29411.108
MinimumVisualStudioVersion = 15.0.26124.0
Project("{9A19103F-16F7-4668-BE54-9A1E7A4F7556}") = "LocalNativeProvider", "LocalNativeProvider\LocalNativeProvider.csproj", "{BDB247BB-F490-4E54-9401-F794BEEA22FB}"
EndProject
Global
	GlobalSection(SolutionConfigurationPlatforms) = preSolution
		Debug|Any CPU = Debug|Any CPU
		Debug|x64 = Debug|x64
		Debug|x86 = Debug|x86
		Release|Any CPU = Release|Any CPU
		Release|x64 = Release|x64
		Release|x86 = Release|x86
	EndGlobalSection
	GlobalSection(ProjectConfigurationPlatforms) = postSolution
		{BDB247BB-F490-4E54-9401-F794BEEA22FB}.Debug|Any CPU.ActiveCfg = Debug|Any CPU
		{BDB247BB-F490-4E54-9401-F794BEEA22FB}.Debug|Any CPU.Build.0 = Debug|Any CPU
		{BDB247BB-F490-4E54-9401-F794BEEA22FB}.Debug|x64.ActiveCfg = Debug|Any CPU
		{BDB247BB-F490-4E54-9401-F794BEEA22FB}.Debug|x64.Build.0 = Debug|Any CPU
		{BDB247BB-F490-4E54-9401-F794BEEA22FB}.Debug|x86.ActiveCfg = Debug|Any CPU
		{BDB247BB-F490-4E54-9401-F794BEEA22FB}.Debug|x86.Build.0 = Debug|Any CPU
		{BDB247BB-F490-4E54-9401-F794BEEA22FB}.Release|Any CPU.ActiveCfg = Release|Any CPU
		{BDB247BB-F490-4E54-9401-F794BEEA22FB}.Release|Any CPU.Build.0 = Release|Any CPU
		{BDB247BB-F490-4E54-9401-F794BEEA22FB}.Release|x64.ActiveCfg = Release|Any CPU
		{BDB247BB-F490-4E54-9401-F794BEEA22FB}.Release|x64.Build.0 = Release|Any CPU
		{BDB247BB-F490-4E54-9401-F794BEEA22FB}.Release|x86.ActiveCfg = Release|Any CPU
		{BDB247BB-F490-4E54-9401-F794BEEA22FB}.Release|x86.Build.0 = Release|Any CPU
	EndGlobalSection
	GlobalSection(SolutionProperties) = preSolution
		HideSolutionNode = FALSE
	EndGlobalSection
	GlobalSection(ExtensibilityGlobals) = postSolution
		SolutionGuid = {E0F34558-A0A3-4C64-92F3-2D7070B4FC0B}
	EndGlobalSection
EndGlobal
