Microsoft Visual Studio Solution File, Format Version 12.00
# Visual Studio 15
VisualStudioVersion = 15.0.26730.16
MinimumVisualStudioVersion = 15.0.26124.0
Project("{FAE04EC0-301F-11D3-BF4B-00C04F79EFBC}") = "MvcCoreSample", "MvcCoreSample\MvcCoreSample.csproj", "{A661F16C-27F1-49D2-AEA4-F1D123E5092B}"
EndProject
Global
	GlobalSection(SolutionConfigurationPlatforms) = preSolution
		Debug|Any CPU = Debug|Any CPU
		Release|Any CPU = Release|Any CPU
	EndGlobalSection
	GlobalSection(ProjectConfigurationPlatforms) = postSolution
		{A661F16C-27F1-49D2-AEA4-F1D123E5092B}.Debug|Any CPU.ActiveCfg = Debug|Any CPU
		{A661F16C-27F1-49D2-AEA4-F1D123E5092B}.Debug|Any CPU.Build.0 = Debug|Any CPU
		{A661F16C-27F1-49D2-AEA4-F1D123E5092B}.Release|Any CPU.ActiveCfg = Release|Any CPU
		{A661F16C-27F1-49D2-AEA4-F1D123E5092B}.Release|Any CPU.Build.0 = Release|Any CPU
	EndGlobalSection
	GlobalSection(SolutionProperties) = preSolution
		HideSolutionNode = FALSE
	EndGlobalSection
	GlobalSection(ExtensibilityGlobals) = postSolution
		SolutionGuid = {D9575834-217D-4F55-9B2D-6DDEF3C9E823}
	EndGlobalSection
EndGlobal
